
Microsoft Visual Studio Solution File, Format Version 12.00
# Visual Studio Version 17
VisualStudioVersion = 17.2.32516.85
MinimumVisualStudioVersion = 10.0.40219.1
Project("{FAE04EC0-301F-11D3-BF4B-00C04F79EFBC}") = "TestListBox", "TestListBox\TestListBox.csproj", "{59C2D73F-540E-4412-A6B1-1FE534CD87C9}"
EndProject
Global
	GlobalSection(SolutionConfigurationPlatforms) = preSolution
		Debug|Any CPU = Debug|Any CPU
		Release|Any CPU = Release|Any CPU
	EndGlobalSection
	GlobalSection(ProjectConfigurationPlatforms) = postSolution
		{59C2D73F-540E-4412-A6B1-1FE534CD87C9}.Debug|Any CPU.ActiveCfg = Debug|Any CPU
		{59C2D73F-540E-4412-A6B1-1FE534CD87C9}.Debug|Any CPU.Build.0 = Debug|Any CPU
		{59C2D73F-540E-4412-A6B1-1FE534CD87C9}.Release|Any CPU.ActiveCfg = Release|Any CPU
		{59C2D73F-540E-4412-A6B1-1FE534CD87C9}.Release|Any CPU.Build.0 = Release|Any CPU
	EndGlobalSection
	GlobalSection(SolutionProperties) = preSolution
		HideSolutionNode = FALSE
	EndGlobalSection
	GlobalSection(ExtensibilityGlobals) = postSolution
		SolutionGuid = {D7169F86-3B04-45FC-A1D5-FAE9A0853BEE}
	EndGlobalSection
EndGlobal
